
Microsoft Visual Studio Solution File, Format Version 12.00
# Visual Studio Express 2012 for Web
Project("{2150E333-8FDC-42A3-9474-1A3956D46DE8}") = "Tests", "Tests", "{B3E42517-C184-44AC-ABB5-85952E6D142E}"
EndProject
Project("{FAE04EC0-301F-11D3-BF4B-00C04F79EFBC}") = "Atomic.Tests.Model", "Atomic.Tests.Schema\Atomic.Tests.Model.csproj", "{FCDAB9C1-3ADD-4582-9F91-EB26A22DC52F}"
EndProject
Project("{2150E333-8FDC-42A3-9474-1A3956D46DE8}") = ".nuget", ".nuget", "{F47C6FCF-539A-4A2C-8BFC-B4878265EC08}"
	ProjectSection(SolutionItems) = preProject
		.nuget\packages.config = .nuget\packages.config
	EndProjectSection
EndProject
Project("{FAE04EC0-301F-11D3-BF4B-00C04F79EFBC}") = "Atomic.Interfaces", "Atomic.Interfaces\Atomic.Interfaces.csproj", "{6AC476C0-3C06-48C8-BA1D-EF17727CEB3B}"
EndProject
Global
	GlobalSection(SolutionConfigurationPlatforms) = preSolution
		Debug|Any CPU = Debug|Any CPU
		Release|Any CPU = Release|Any CPU
	EndGlobalSection
	GlobalSection(ProjectConfigurationPlatforms) = postSolution
		{FCDAB9C1-3ADD-4582-9F91-EB26A22DC52F}.Debug|Any CPU.ActiveCfg = Debug|Any CPU
		{FCDAB9C1-3ADD-4582-9F91-EB26A22DC52F}.Debug|Any CPU.Build.0 = Debug|Any CPU
		{FCDAB9C1-3ADD-4582-9F91-EB26A22DC52F}.Release|Any CPU.ActiveCfg = Release|Any CPU
		{FCDAB9C1-3ADD-4582-9F91-EB26A22DC52F}.Release|Any CPU.Build.0 = Release|Any CPU
		{6AC476C0-3C06-48C8-BA1D-EF17727CEB3B}.Debug|Any CPU.ActiveCfg = Debug|Any CPU
		{6AC476C0-3C06-48C8-BA1D-EF17727CEB3B}.Debug|Any CPU.Build.0 = Debug|Any CPU
		{6AC476C0-3C06-48C8-BA1D-EF17727CEB3B}.Release|Any CPU.ActiveCfg = Release|Any CPU
		{6AC476C0-3C06-48C8-BA1D-EF17727CEB3B}.Release|Any CPU.Build.0 = Release|Any CPU
	EndGlobalSection
	GlobalSection(SolutionProperties) = preSolution
		HideSolutionNode = FALSE
	EndGlobalSection
	GlobalSection(NestedProjects) = preSolution
		{FCDAB9C1-3ADD-4582-9F91-EB26A22DC52F} = {B3E42517-C184-44AC-ABB5-85952E6D142E}
	EndGlobalSection
EndGlobal
